
Microsoft Visual Studio Solution File, Format Version 12.00
# Visual Studio Version 17
VisualStudioVersion = 17.5.33414.496
MinimumVisualStudioVersion = 10.0.40219.1
Project("{9A19103F-16F7-4668-BE54-9A1E7A4F7556}") = "ConsoleApp88", "ConsoleApp88\ConsoleApp88.csproj", "{7F03FDE1-DAE7-434A-AAA0-373118F7F683}"
EndProject
Project("{FAE04EC0-301F-11D3-BF4B-00C04F79EFBC}") = "Moxy.Fody", "Moxy.Fody\Moxy.Fody.csproj", "{FB138353-1364-4F04-B129-0D7908D789E8}"
EndProject
Global
	GlobalSection(SolutionConfigurationPlatforms) = preSolution
		Debug|Any CPU = Debug|Any CPU
		Release|Any CPU = Release|Any CPU
	EndGlobalSection
	GlobalSection(ProjectConfigurationPlatforms) = postSolution
		{7F03FDE1-DAE7-434A-AAA0-373118F7F683}.Debug|Any CPU.ActiveCfg = Debug|Any CPU
		{7F03FDE1-DAE7-434A-AAA0-373118F7F683}.Debug|Any CPU.Build.0 = Debug|Any CPU
		{7F03FDE1-DAE7-434A-AAA0-373118F7F683}.Release|Any CPU.ActiveCfg = Release|Any CPU
		{7F03FDE1-DAE7-434A-AAA0-373118F7F683}.Release|Any CPU.Build.0 = Release|Any CPU
		{FB138353-1364-4F04-B129-0D7908D789E8}.Debug|Any CPU.ActiveCfg = Debug|Any CPU
		{FB138353-1364-4F04-B129-0D7908D789E8}.Debug|Any CPU.Build.0 = Debug|Any CPU
		{FB138353-1364-4F04-B129-0D7908D789E8}.Release|Any CPU.ActiveCfg = Release|Any CPU
		{FB138353-1364-4F04-B129-0D7908D789E8}.Release|Any CPU.Build.0 = Release|Any CPU
	EndGlobalSection
	GlobalSection(SolutionProperties) = preSolution
		HideSolutionNode = FALSE
	EndGlobalSection
	GlobalSection(ExtensibilityGlobals) = postSolution
		SolutionGuid = {9EA76A38-F718-4E5F-98CD-2AD1E048CDFE}
	EndGlobalSection
EndGlobal
